
Microsoft Visual Studio Solution File, Format Version 12.00
# Visual Studio Version 17
VisualStudioVersion = 17.8.34511.84
MinimumVisualStudioVersion = 10.0.40219.1
Project("{FAE04EC0-301F-11D3-BF4B-00C04F79EFBC}") = "joni1", "joni1\joni1.csproj", "{C757E329-6090-45E9-A89E-FAAD29AEF7F9}"
EndProject
Global
	GlobalSection(SolutionConfigurationPlatforms) = preSolution
		Debug|Any CPU = Debug|Any CPU
		Release|Any CPU = Release|Any CPU
	EndGlobalSection
	GlobalSection(ProjectConfigurationPlatforms) = postSolution
		{C757E329-6090-45E9-A89E-FAAD29AEF7F9}.Debug|Any CPU.ActiveCfg = Debug|Any CPU
		{C757E329-6090-45E9-A89E-FAAD29AEF7F9}.Debug|Any CPU.Build.0 = Debug|Any CPU
		{C757E329-6090-45E9-A89E-FAAD29AEF7F9}.Release|Any CPU.ActiveCfg = Release|Any CPU
		{C757E329-6090-45E9-A89E-FAAD29AEF7F9}.Release|Any CPU.Build.0 = Release|Any CPU
	EndGlobalSection
	GlobalSection(SolutionProperties) = preSolution
		HideSolutionNode = FALSE
	EndGlobalSection
	GlobalSection(ExtensibilityGlobals) = postSolution
		SolutionGuid = {C7577A3C-680C-4E33-80DE-FCA7B3623BF7}
	EndGlobalSection
EndGlobal
